
Microsoft Visual Studio Solution File, Format Version 12.00
# Visual Studio 15
VisualStudioVersion = 15.0.27004.2006
MinimumVisualStudioVersion = 10.0.40219.1
Project("{FAE04EC0-301F-11D3-BF4B-00C04F79EFBC}") = "Server", "PataChat\Server.csproj", "{276B5A11-99A5-456C-A095-BCD5D59E67D0}"
EndProject
Project("{FAE04EC0-301F-11D3-BF4B-00C04F79EFBC}") = "Klient", "Klient\Klient.csproj", "{2DA3C1B2-E538-4FFD-849A-554E1BADA9A9}"
EndProject
Global
	GlobalSection(SolutionConfigurationPlatforms) = preSolution
		Debug|Any CPU = Debug|Any CPU
		Release|Any CPU = Release|Any CPU
	EndGlobalSection
	GlobalSection(ProjectConfigurationPlatforms) = postSolution
		{276B5A11-99A5-456C-A095-BCD5D59E67D0}.Debug|Any CPU.ActiveCfg = Debug|Any CPU
		{276B5A11-99A5-456C-A095-BCD5D59E67D0}.Debug|Any CPU.Build.0 = Debug|Any CPU
		{276B5A11-99A5-456C-A095-BCD5D59E67D0}.Release|Any CPU.ActiveCfg = Release|Any CPU
		{276B5A11-99A5-456C-A095-BCD5D59E67D0}.Release|Any CPU.Build.0 = Release|Any CPU
		{2DA3C1B2-E538-4FFD-849A-554E1BADA9A9}.Debug|Any CPU.ActiveCfg = Debug|Any CPU
		{2DA3C1B2-E538-4FFD-849A-554E1BADA9A9}.Debug|Any CPU.Build.0 = Debug|Any CPU
		{2DA3C1B2-E538-4FFD-849A-554E1BADA9A9}.Release|Any CPU.ActiveCfg = Release|Any CPU
		{2DA3C1B2-E538-4FFD-849A-554E1BADA9A9}.Release|Any CPU.Build.0 = Release|Any CPU
	EndGlobalSection
	GlobalSection(SolutionProperties) = preSolution
		HideSolutionNode = FALSE
	EndGlobalSection
	GlobalSection(ExtensibilityGlobals) = postSolution
		SolutionGuid = {CEBDBE8B-44CC-4BBF-96F3-0C4D62508C17}
	EndGlobalSection
EndGlobal
